<?xml version="1.0" encoding="utf-8"?>
<Project ToolsVersion="4.0" xmlns="http://schemas.microsoft.com/developer/msbuild/2003">
  <ItemGroup>
    <Filter Include="Resource Files">
      <UniqueIdentifier>{67DA6AB6-F800-4c08-8B7A-83BB121AAD01}</UniqueIdentifier>
      <Extensions>rc;ico;cur;bmp;dlg;rc2;rct;bin;rgs;gif;jpg;jpeg;jpe;resx;tiff;tif;png;wav;mfcribbon-ms</Extensions>
    </Filter>
    <Filter Include="ssl">
      <UniqueIdentifier>{1f79b8c6-3b8e-4af3-b2ce-b8e152b01ae0}</UniqueIdentifier>
    </Filter>
    <Filter Include="ssl\statem">
      <UniqueIdentifier>{8e4dac90-70f9-4a0a-a2e0-f91fcc26e34c}</UniqueIdentifier>
    </Filter>
    <Filter Include="ssl\record">
      <UniqueIdentifier>{4a5f4b68-9b88-4996-a3de-8624370bd854}</UniqueIdentifier>
    </Filter>
  </ItemGroup>
  <ItemGroup>
    <ClInclude Include="..\..\ssl\packet_locl.h">
      <Filter>ssl</Filter>
    </ClInclude>
    <ClInclude Include="..\..\ssl\ssl_cert_table.h">
      <Filter>ssl</Filter>
    </ClInclude>
    <ClInclude Include="..\..\ssl\ssl_locl.h">
      <Filter>ssl</Filter>
    </ClInclude>
    <ClInclude Include="..\..\ssl\record\record.h">
      <Filter>ssl\record</Filter>
    </ClInclude>
    <ClInclude Include="..\..\ssl\record\record_locl.h">
      <Filter>ssl\record</Filter>
    </ClInclude>
    <ClInclude Include="..\..\ssl\statem\statem.h">
      <Filter>ssl\statem</Filter>
    </ClInclude>
    <ClInclude Include="..\..\ssl\statem\statem_locl.h">
      <Filter>ssl\statem</Filter>
    </ClInclude>
  </ItemGroup>
  <ItemGroup>
    <ClCompile Include="..\..\ssl\bio_ssl.c">
      <Filter>ssl</Filter>
    </ClCompile>
    <ClCompile Include="..\..\ssl\d1_lib.c">
      <Filter>ssl</Filter>
    </ClCompile>
    <ClCompile Include="..\..\ssl\d1_msg.c">
      <Filter>ssl</Filter>
    </ClCompile>
    <ClCompile Include="..\..\ssl\d1_srtp.c">
      <Filter>ssl</Filter>
    </ClCompile>
    <ClCompile Include="..\..\ssl\methods.c">
      <Filter>ssl</Filter>
    </ClCompile>
    <ClCompile Include="..\..\ssl\packet.c">
      <Filter>ssl</Filter>
    </ClCompile>
    <ClCompile Include="..\..\ssl\pqueue.c">
      <Filter>ssl</Filter>
    </ClCompile>
    <ClCompile Include="..\..\ssl\s3_cbc.c">
      <Filter>ssl</Filter>
    </ClCompile>
    <ClCompile Include="..\..\ssl\s3_enc.c">
      <Filter>ssl</Filter>
    </ClCompile>
    <ClCompile Include="..\..\ssl\s3_lib.c">
      <Filter>ssl</Filter>
    </ClCompile>
    <ClCompile Include="..\..\ssl\s3_msg.c">
      <Filter>ssl</Filter>
    </ClCompile>
    <ClCompile Include="..\..\ssl\ssl_asn1.c">
      <Filter>ssl</Filter>
    </ClCompile>
    <ClCompile Include="..\..\ssl\ssl_cert.c">
      <Filter>ssl</Filter>
    </ClCompile>
    <ClCompile Include="..\..\ssl\ssl_ciph.c">
      <Filter>ssl</Filter>
    </ClCompile>
    <ClCompile Include="..\..\ssl\ssl_conf.c">
      <Filter>ssl</Filter>
    </ClCompile>
    <ClCompile Include="..\..\ssl\ssl_err.c">
      <Filter>ssl</Filter>
    </ClCompile>
    <ClCompile Include="..\..\ssl\ssl_init.c">
      <Filter>ssl</Filter>
    </ClCompile>
    <ClCompile Include="..\..\ssl\ssl_lib.c">
      <Filter>ssl</Filter>
    </ClCompile>
    <ClCompile Include="..\..\ssl\ssl_mcnf.c">
      <Filter>ssl</Filter>
    </ClCompile>
    <ClCompile Include="..\..\ssl\ssl_rsa.c">
      <Filter>ssl</Filter>
    </ClCompile>
    <ClCompile Include="..\..\ssl\ssl_sess.c">
      <Filter>ssl</Filter>
    </ClCompile>
    <ClCompile Include="..\..\ssl\ssl_stat.c">
      <Filter>ssl</Filter>
    </ClCompile>
    <ClCompile Include="..\..\ssl\ssl_txt.c">
      <Filter>ssl</Filter>
    </ClCompile>
    <ClCompile Include="..\..\ssl\ssl_utst.c">
      <Filter>ssl</Filter>
    </ClCompile>
    <ClCompile Include="..\..\ssl\t1_enc.c">
      <Filter>ssl</Filter>
    </ClCompile>
    <ClCompile Include="..\..\ssl\t1_lib.c">
      <Filter>ssl</Filter>
    </ClCompile>
    <ClCompile Include="..\..\ssl\t1_trce.c">
      <Filter>ssl</Filter>
    </ClCompile>
    <ClCompile Include="..\..\ssl\tls_srp.c">
      <Filter>ssl</Filter>
    </ClCompile>
    <ClCompile Include="..\..\ssl\tls13_enc.c">
      <Filter>ssl</Filter>
    </ClCompile>
    <ClCompile Include="..\..\ssl\record\dtls1_bitmap.c">
      <Filter>ssl\record</Filter>
    </ClCompile>
    <ClCompile Include="..\..\ssl\record\rec_layer_d1.c">
      <Filter>ssl\record</Filter>
    </ClCompile>
    <ClCompile Include="..\..\ssl\record\rec_layer_s3.c">
      <Filter>ssl\record</Filter>
    </ClCompile>
    <ClCompile Include="..\..\ssl\record\ssl3_buffer.c">
      <Filter>ssl\record</Filter>
    </ClCompile>
    <ClCompile Include="..\..\ssl\record\ssl3_record.c">
      <Filter>ssl\record</Filter>
    </ClCompile>
    <ClCompile Include="..\..\ssl\record\ssl3_record_tls13.c">
      <Filter>ssl\record</Filter>
    </ClCompile>
    <ClCompile Include="..\..\ssl\statem\extensions.c">
      <Filter>ssl\statem</Filter>
    </ClCompile>
    <ClCompile Include="..\..\ssl\statem\extensions_clnt.c">
      <Filter>ssl\statem</Filter>
    </ClCompile>
    <ClCompile Include="..\..\ssl\statem\extensions_cust.c">
      <Filter>ssl\statem</Filter>
    </ClCompile>
    <ClCompile Include="..\..\ssl\statem\extensions_srvr.c">
      <Filter>ssl\statem</Filter>
    </ClCompile>
    <ClCompile Include="..\..\ssl\statem\statem.c">
      <Filter>ssl\statem</Filter>
    </ClCompile>
    <ClCompile Include="..\..\ssl\statem\statem_clnt.c">
      <Filter>ssl\statem</Filter>
    </ClCompile>
    <ClCompile Include="..\..\ssl\statem\statem_dtls.c">
      <Filter>ssl\statem</Filter>
    </ClCompile>
    <ClCompile Include="..\..\ssl\statem\statem_lib.c">
      <Filter>ssl\statem</Filter>
    </ClCompile>
    <ClCompile Include="..\..\ssl\statem\statem_srvr.c">
      <Filter>ssl\statem</Filter>
    </ClCompile>
    <ClCompile Include="..\..\crypto\bio\bio_lib.c">
      <Filter>ssl</Filter>
    </ClCompile>
    <ClCompile Include="..\..\crypto\des\des_enc.c" />
  </ItemGroup>
  <ItemGroup>
    <None Include="..\..\generated_win32\libssl.def">
      <Filter>Resource Files</Filter>
    </None>
    <None Include="..\..\generated_win64A\libssl.def">
      <Filter>Resource Files</Filter>
    </None>
  </ItemGroup>
  <ItemGroup>
    <ResourceCompile Include="..\..\generated_win32\libssl.rc">
      <Filter>Resource Files</Filter>
    </ResourceCompile>
    <ResourceCompile Include="..\..\generated_win64A\libssl.rc">
      <Filter>Resource Files</Filter>
    </ResourceCompile>
  </ItemGroup>
</Project>